// !$*UTF8*$!
{
	archiveVersion = 1;
	classes = {
	};
	objectVersion = 56;
	objects = {

/* Begin PBXBuildFile section */
		322FE84D2B5E5D4E00351352 /* HabitView.swift in Sources */ = {isa = PBXBuildFile; fileRef = 322FE84C2B5E5D4E00351352 /* HabitView.swift */; };
		322FE86E2B5EA4B500351352 /* WidgetKit.framework in Frameworks */ = {isa = PBXBuildFile; fileRef = 322FE86D2B5EA4B500351352 /* WidgetKit.framework */; };
		322FE8702B5EA4B500351352 /* SwiftUI.framework in Frameworks */ = {isa = PBXBuildFile; fileRef = 322FE86F2B5EA4B500351352 /* SwiftUI.framework */; };
		322FE8732B5EA4B500351352 /* WidgetExtensionBundle.swift in Sources */ = {isa = PBXBuildFile; fileRef = 322FE8722B5EA4B500351352 /* WidgetExtensionBundle.swift */; };
		322FE8752B5EA4B500351352 /* WidgetExtension.swift in Sources */ = {isa = PBXBuildFile; fileRef = 322FE8742B5EA4B500351352 /* WidgetExtension.swift */; };
		322FE8772B5EA4B800351352 /* Assets.xcassets in Resources */ = {isa = PBXBuildFile; fileRef = 322FE8762B5EA4B800351352 /* Assets.xcassets */; };
		322FE87B2B5EA4B800351352 /* WidgetExtensionExtension.appex in Embed Foundation Extensions */ = {isa = PBXBuildFile; fileRef = 322FE86B2B5EA4B500351352 /* WidgetExtensionExtension.appex */; settings = {ATTRIBUTES = (RemoveHeadersOnCopy, ); }; };
		322FE8822B5EA8DA00351352 /* Habit.swift in Sources */ = {isa = PBXBuildFile; fileRef = 328DBB972B57F291007B9070 /* Habit.swift */; };
		3283C0B12B59BA82003AF226 /* PeriodPicker.swift in Sources */ = {isa = PBXBuildFile; fileRef = 3283C0B02B59BA82003AF226 /* PeriodPicker.swift */; };
		328DBB942B57F291007B9070 /* NoxApp.swift in Sources */ = {isa = PBXBuildFile; fileRef = 328DBB932B57F291007B9070 /* NoxApp.swift */; };
		328DBB962B57F291007B9070 /* Main.swift in Sources */ = {isa = PBXBuildFile; fileRef = 328DBB952B57F291007B9070 /* Main.swift */; };
		328DBB982B57F291007B9070 /* Habit.swift in Sources */ = {isa = PBXBuildFile; fileRef = 328DBB972B57F291007B9070 /* Habit.swift */; };
		328DBB9A2B57F292007B9070 /* Assets.xcassets in Resources */ = {isa = PBXBuildFile; fileRef = 328DBB992B57F292007B9070 /* Assets.xcassets */; };
		328DBB9D2B57F292007B9070 /* Preview Assets.xcassets in Resources */ = {isa = PBXBuildFile; fileRef = 328DBB9C2B57F292007B9070 /* Preview Assets.xcassets */; };
		32F9E9B72B57FE8100B222EF /* HabitListView.swift in Sources */ = {isa = PBXBuildFile; fileRef = 32F9E9B62B57FE8100B222EF /* HabitListView.swift */; };
		32F9E9B92B585CF900B222EF /* ProgressRing.swift in Sources */ = {isa = PBXBuildFile; fileRef = 32F9E9B82B585CF900B222EF /* ProgressRing.swift */; };
		32F9E9CB2B58613D00B222EF /* Rubik-LightItalic.ttf in Resources */ = {isa = PBXBuildFile; fileRef = 32F9E9BB2B58613C00B222EF /* Rubik-LightItalic.ttf */; };
		32F9E9CC2B58613D00B222EF /* Rubik-MediumItalic.ttf in Resources */ = {isa = PBXBuildFile; fileRef = 32F9E9BC2B58613C00B222EF /* Rubik-MediumItalic.ttf */; };
		32F9E9CD2B58613D00B222EF /* Rubik-BlackItalic.ttf in Resources */ = {isa = PBXBuildFile; fileRef = 32F9E9BD2B58613C00B222EF /* Rubik-BlackItalic.ttf */; };
		32F9E9CE2B58613D00B222EF /* Rubik-BoldItalic.ttf in Resources */ = {isa = PBXBuildFile; fileRef = 32F9E9BE2B58613C00B222EF /* Rubik-BoldItalic.ttf */; };
		32F9E9CF2B58613D00B222EF /* Rubik-ExtraBoldItalic.ttf in Resources */ = {isa = PBXBuildFile; fileRef = 32F9E9BF2B58613C00B222EF /* Rubik-ExtraBoldItalic.ttf */; };
		32F9E9D02B58613D00B222EF /* Rubik-Regular.ttf in Resources */ = {isa = PBXBuildFile; fileRef = 32F9E9C02B58613C00B222EF /* Rubik-Regular.ttf */; };
		32F9E9D12B58613D00B222EF /* Rubik-Bold.ttf in Resources */ = {isa = PBXBuildFile; fileRef = 32F9E9C12B58613D00B222EF /* Rubik-Bold.ttf */; };
		32F9E9D22B58613D00B222EF /* Rubik-Light.ttf in Resources */ = {isa = PBXBuildFile; fileRef = 32F9E9C22B58613D00B222EF /* Rubik-Light.ttf */; };
		32F9E9D32B58613D00B222EF /* Rubik-Black.ttf in Resources */ = {isa = PBXBuildFile; fileRef = 32F9E9C32B58613D00B222EF /* Rubik-Black.ttf */; };
		32F9E9D42B58613D00B222EF /* Rubik-SemiBoldItalic.ttf in Resources */ = {isa = PBXBuildFile; fileRef = 32F9E9C42B58613D00B222EF /* Rubik-SemiBoldItalic.ttf */; };
		32F9E9D52B58613D00B222EF /* Rubik-SemiBold.ttf in Resources */ = {isa = PBXBuildFile; fileRef = 32F9E9C52B58613D00B222EF /* Rubik-SemiBold.ttf */; };
		32F9E9D62B58613D00B222EF /* Rubik-Medium.ttf in Resources */ = {isa = PBXBuildFile; fileRef = 32F9E9C62B58613D00B222EF /* Rubik-Medium.ttf */; };
		32F9E9D72B58613D00B222EF /* Rubik-VariableFont_wght.ttf in Resources */ = {isa = PBXBuildFile; fileRef = 32F9E9C72B58613D00B222EF /* Rubik-VariableFont_wght.ttf */; };
		32F9E9D82B58613D00B222EF /* Rubik-Italic-VariableFont_wght.ttf in Resources */ = {isa = PBXBuildFile; fileRef = 32F9E9C82B58613D00B222EF /* Rubik-Italic-VariableFont_wght.ttf */; };
		32F9E9D92B58613D00B222EF /* Rubik-Italic.ttf in Resources */ = {isa = PBXBuildFile; fileRef = 32F9E9C92B58613D00B222EF /* Rubik-Italic.ttf */; };
		32F9E9DA2B58613D00B222EF /* Rubik-ExtraBold.ttf in Resources */ = {isa = PBXBuildFile; fileRef = 32F9E9CA2B58613D00B222EF /* Rubik-ExtraBold.ttf */; };
		32F9E9E22B586ECE00B222EF /* Font.swift in Sources */ = {isa = PBXBuildFile; fileRef = 32F9E9E12B586ECE00B222EF /* Font.swift */; };
		32F9E9E52B587B0300B222EF /* Color.swift in Sources */ = {isa = PBXBuildFile; fileRef = 32F9E9E42B587B0300B222EF /* Color.swift */; };
		32FFCD952B594F82006B9A35 /* AddHabit.swift in Sources */ = {isa = PBXBuildFile; fileRef = 32FFCD942B594F82006B9A35 /* AddHabit.swift */; };
		32FFCD972B5951F3006B9A35 /* MyTextField.swift in Sources */ = {isa = PBXBuildFile; fileRef = 32FFCD962B5951F3006B9A35 /* MyTextField.swift */; };
		32FFCD992B5954C6006B9A35 /* MyStepper.swift in Sources */ = {isa = PBXBuildFile; fileRef = 32FFCD982B5954C6006B9A35 /* MyStepper.swift */; };
/* End PBXBuildFile section */

/* Begin PBXContainerItemProxy section */
		322FE8792B5EA4B800351352 /* PBXContainerItemProxy */ = {
			isa = PBXContainerItemProxy;
			containerPortal = 328DBB882B57F291007B9070 /* Project object */;
			proxyType = 1;
			remoteGlobalIDString = 322FE86A2B5EA4B500351352;
			remoteInfo = WidgetExtensionExtension;
		};
/* End PBXContainerItemProxy section */

/* Begin PBXCopyFilesBuildPhase section */
		322FE87C2B5EA4B800351352 /* Embed Foundation Extensions */ = {
			isa = PBXCopyFilesBuildPhase;
			buildActionMask = 2147483647;
			dstPath = "";
			dstSubfolderSpec = 13;
			files = (
				322FE87B2B5EA4B800351352 /* WidgetExtensionExtension.appex in Embed Foundation Extensions */,
			);
			name = "Embed Foundation Extensions";
			runOnlyForDeploymentPostprocessing = 0;
		};
/* End PBXCopyFilesBuildPhase section */

/* Begin PBXFileReference section */
		322FE84C2B5E5D4E00351352 /* HabitView.swift */ = {isa = PBXFileReference; lastKnownFileType = sourcecode.swift; path = HabitView.swift; sourceTree = "<group>"; };
		322FE86B2B5EA4B500351352 /* WidgetExtensionExtension.appex */ = {isa = PBXFileReference; explicitFileType = "wrapper.app-extension"; includeInIndex = 0; path = WidgetExtensionExtension.appex; sourceTree = BUILT_PRODUCTS_DIR; };
		322FE86D2B5EA4B500351352 /* WidgetKit.framework */ = {isa = PBXFileReference; lastKnownFileType = wrapper.framework; name = WidgetKit.framework; path = System/Library/Frameworks/WidgetKit.framework; sourceTree = SDKROOT; };
		322FE86F2B5EA4B500351352 /* SwiftUI.framework */ = {isa = PBXFileReference; lastKnownFileType = wrapper.framework; name = SwiftUI.framework; path = System/Library/Frameworks/SwiftUI.framework; sourceTree = SDKROOT; };
		322FE8722B5EA4B500351352 /* WidgetExtensionBundle.swift */ = {isa = PBXFileReference; lastKnownFileType = sourcecode.swift; path = WidgetExtensionBundle.swift; sourceTree = "<group>"; };
		322FE8742B5EA4B500351352 /* WidgetExtension.swift */ = {isa = PBXFileReference; lastKnownFileType = sourcecode.swift; path = WidgetExtension.swift; sourceTree = "<group>"; };
		322FE8762B5EA4B800351352 /* Assets.xcassets */ = {isa = PBXFileReference; lastKnownFileType = folder.assetcatalog; path = Assets.xcassets; sourceTree = "<group>"; };
		322FE8782B5EA4B800351352 /* Info.plist */ = {isa = PBXFileReference; lastKnownFileType = text.plist.xml; path = Info.plist; sourceTree = "<group>"; };
		322FE8802B5EA6FE00351352 /* WidgetExtensionExtension.entitlements */ = {isa = PBXFileReference; lastKnownFileType = text.plist.entitlements; path = WidgetExtensionExtension.entitlements; sourceTree = "<group>"; };
		322FE8812B5EA70200351352 /* Nox.entitlements */ = {isa = PBXFileReference; lastKnownFileType = text.plist.entitlements; path = Nox.entitlements; sourceTree = "<group>"; };
		3283C0B02B59BA82003AF226 /* PeriodPicker.swift */ = {isa = PBXFileReference; lastKnownFileType = sourcecode.swift; path = PeriodPicker.swift; sourceTree = "<group>"; };
		328DBB902B57F291007B9070 /* Nox.app */ = {isa = PBXFileReference; explicitFileType = wrapper.application; includeInIndex = 0; path = Nox.app; sourceTree = BUILT_PRODUCTS_DIR; };
		328DBB932B57F291007B9070 /* NoxApp.swift */ = {isa = PBXFileReference; lastKnownFileType = sourcecode.swift; path = NoxApp.swift; sourceTree = "<group>"; };
		328DBB952B57F291007B9070 /* Main.swift */ = {isa = PBXFileReference; lastKnownFileType = sourcecode.swift; path = Main.swift; sourceTree = "<group>"; };
		328DBB972B57F291007B9070 /* Habit.swift */ = {isa = PBXFileReference; lastKnownFileType = sourcecode.swift; path = Habit.swift; sourceTree = "<group>"; };
		328DBB992B57F292007B9070 /* Assets.xcassets */ = {isa = PBXFileReference; lastKnownFileType = folder.assetcatalog; path = Assets.xcassets; sourceTree = "<group>"; };
		328DBB9C2B57F292007B9070 /* Preview Assets.xcassets */ = {isa = PBXFileReference; lastKnownFileType = folder.assetcatalog; path = "Preview Assets.xcassets"; sourceTree = "<group>"; };
		32F9E9B62B57FE8100B222EF /* HabitListView.swift */ = {isa = PBXFileReference; lastKnownFileType = sourcecode.swift; path = HabitListView.swift; sourceTree = "<group>"; };
		32F9E9B82B585CF900B222EF /* ProgressRing.swift */ = {isa = PBXFileReference; lastKnownFileType = sourcecode.swift; path = ProgressRing.swift; sourceTree = "<group>"; };
		32F9E9BB2B58613C00B222EF /* Rubik-LightItalic.ttf */ = {isa = PBXFileReference; lastKnownFileType = file; path = "Rubik-LightItalic.ttf"; sourceTree = "<group>"; };
		32F9E9BC2B58613C00B222EF /* Rubik-MediumItalic.ttf */ = {isa = PBXFileReference; lastKnownFileType = file; path = "Rubik-MediumItalic.ttf"; sourceTree = "<group>"; };
		32F9E9BD2B58613C00B222EF /* Rubik-BlackItalic.ttf */ = {isa = PBXFileReference; lastKnownFileType = file; path = "Rubik-BlackItalic.ttf"; sourceTree = "<group>"; };
		32F9E9BE2B58613C00B222EF /* Rubik-BoldItalic.ttf */ = {isa = PBXFileReference; lastKnownFileType = file; path = "Rubik-BoldItalic.ttf"; sourceTree = "<group>"; };
		32F9E9BF2B58613C00B222EF /* Rubik-ExtraBoldItalic.ttf */ = {isa = PBXFileReference; lastKnownFileType = file; path = "Rubik-ExtraBoldItalic.ttf"; sourceTree = "<group>"; };
		32F9E9C02B58613C00B222EF /* Rubik-Regular.ttf */ = {isa = PBXFileReference; lastKnownFileType = file; path = "Rubik-Regular.ttf"; sourceTree = "<group>"; };
		32F9E9C12B58613D00B222EF /* Rubik-Bold.ttf */ = {isa = PBXFileReference; lastKnownFileType = file; path = "Rubik-Bold.ttf"; sourceTree = "<group>"; };
		32F9E9C22B58613D00B222EF /* Rubik-Light.ttf */ = {isa = PBXFileReference; lastKnownFileType = file; path = "Rubik-Light.ttf"; sourceTree = "<group>"; };
		32F9E9C32B58613D00B222EF /* Rubik-Black.ttf */ = {isa = PBXFileReference; lastKnownFileType = file; path = "Rubik-Black.ttf"; sourceTree = "<group>"; };
		32F9E9C42B58613D00B222EF /* Rubik-SemiBoldItalic.ttf */ = {isa = PBXFileReference; lastKnownFileType = file; path = "Rubik-SemiBoldItalic.ttf"; sourceTree = "<group>"; };
		32F9E9C52B58613D00B222EF /* Rubik-SemiBold.ttf */ = {isa = PBXFileReference; lastKnownFileType = file; path = "Rubik-SemiBold.ttf"; sourceTree = "<group>"; };
		32F9E9C62B58613D00B222EF /* Rubik-Medium.ttf */ = {isa = PBXFileReference; lastKnownFileType = file; path = "Rubik-Medium.ttf"; sourceTree = "<group>"; };
		32F9E9C72B58613D00B222EF /* Rubik-VariableFont_wght.ttf */ = {isa = PBXFileReference; lastKnownFileType = file; path = "Rubik-VariableFont_wght.ttf"; sourceTree = "<group>"; };
		32F9E9C82B58613D00B222EF /* Rubik-Italic-VariableFont_wght.ttf */ = {isa = PBXFileReference; lastKnownFileType = file; path = "Rubik-Italic-VariableFont_wght.ttf"; sourceTree = "<group>"; };
		32F9E9C92B58613D00B222EF /* Rubik-Italic.ttf */ = {isa = PBXFileReference; lastKnownFileType = file; path = "Rubik-Italic.ttf"; sourceTree = "<group>"; };
		32F9E9CA2B58613D00B222EF /* Rubik-ExtraBold.ttf */ = {isa = PBXFileReference; lastKnownFileType = file; path = "Rubik-ExtraBold.ttf"; sourceTree = "<group>"; };
		32F9E9DD2B586DE300B222EF /* Info.plist */ = {isa = PBXFileReference; lastKnownFileType = text.plist; path = Info.plist; sourceTree = "<group>"; };
		32F9E9E12B586ECE00B222EF /* Font.swift */ = {isa = PBXFileReference; lastKnownFileType = sourcecode.swift; path = Font.swift; sourceTree = "<group>"; };
		32F9E9E42B587B0300B222EF /* Color.swift */ = {isa = PBXFileReference; lastKnownFileType = sourcecode.swift; path = Color.swift; sourceTree = "<group>"; };
		32FFCD942B594F82006B9A35 /* AddHabit.swift */ = {isa = PBXFileReference; lastKnownFileType = sourcecode.swift; path = AddHabit.swift; sourceTree = "<group>"; };
		32FFCD962B5951F3006B9A35 /* MyTextField.swift */ = {isa = PBXFileReference; lastKnownFileType = sourcecode.swift; path = MyTextField.swift; sourceTree = "<group>"; };
		32FFCD982B5954C6006B9A35 /* MyStepper.swift */ = {isa = PBXFileReference; lastKnownFileType = sourcecode.swift; path = MyStepper.swift; sourceTree = "<group>"; };
/* End PBXFileReference section */

/* Begin PBXFrameworksBuildPhase section */
		322FE8682B5EA4B500351352 /* Frameworks */ = {
			isa = PBXFrameworksBuildPhase;
			buildActionMask = 2147483647;
			files = (
				322FE8702B5EA4B500351352 /* SwiftUI.framework in Frameworks */,
				322FE86E2B5EA4B500351352 /* WidgetKit.framework in Frameworks */,
			);
			runOnlyForDeploymentPostprocessing = 0;
		};
		328DBB8D2B57F291007B9070 /* Frameworks */ = {
			isa = PBXFrameworksBuildPhase;
			buildActionMask = 2147483647;
			files = (
			);
			runOnlyForDeploymentPostprocessing = 0;
		};
/* End PBXFrameworksBuildPhase section */

/* Begin PBXGroup section */
		322FE86C2B5EA4B500351352 /* Frameworks */ = {
			isa = PBXGroup;
			children = (
				322FE86D2B5EA4B500351352 /* WidgetKit.framework */,
				322FE86F2B5EA4B500351352 /* SwiftUI.framework */,
			);
			name = Frameworks;
			sourceTree = "<group>";
		};
		322FE8712B5EA4B500351352 /* WidgetExtension */ = {
			isa = PBXGroup;
			children = (
				322FE8722B5EA4B500351352 /* WidgetExtensionBundle.swift */,
				322FE8742B5EA4B500351352 /* WidgetExtension.swift */,
				322FE8762B5EA4B800351352 /* Assets.xcassets */,
				322FE8782B5EA4B800351352 /* Info.plist */,
			);
			path = WidgetExtension;
			sourceTree = "<group>";
		};
		328DBB872B57F291007B9070 = {
			isa = PBXGroup;
			children = (
				322FE8802B5EA6FE00351352 /* WidgetExtensionExtension.entitlements */,
				32F9E9BA2B58612800B222EF /* Fonts */,
				328DBB922B57F291007B9070 /* Nox */,
				322FE8712B5EA4B500351352 /* WidgetExtension */,
				322FE86C2B5EA4B500351352 /* Frameworks */,
				328DBB912B57F291007B9070 /* Products */,
			);
			sourceTree = "<group>";
		};
		328DBB912B57F291007B9070 /* Products */ = {
			isa = PBXGroup;
			children = (
				328DBB902B57F291007B9070 /* Nox.app */,
				322FE86B2B5EA4B500351352 /* WidgetExtensionExtension.appex */,
			);
			name = Products;
			sourceTree = "<group>";
		};
		328DBB922B57F291007B9070 /* Nox */ = {
			isa = PBXGroup;
			children = (
				322FE8812B5EA70200351352 /* Nox.entitlements */,
				32F9E9E32B586EEB00B222EF /* Models */,
				32F9E9DE2B586EB700B222EF /* Screens */,
				32F9E9DF2B586EBF00B222EF /* Views */,
				32F9E9E02B586EC500B222EF /* Extensions */,
				32F9E9DD2B586DE300B222EF /* Info.plist */,
				328DBB992B57F292007B9070 /* Assets.xcassets */,
				328DBB932B57F291007B9070 /* NoxApp.swift */,
				328DBB9B2B57F292007B9070 /* Preview Content */,
			);
			path = Nox;
			sourceTree = "<group>";
		};
		328DBB9B2B57F292007B9070 /* Preview Content */ = {
			isa = PBXGroup;
			children = (
				328DBB9C2B57F292007B9070 /* Preview Assets.xcassets */,
			);
			path = "Preview Content";
			sourceTree = "<group>";
		};
		32F9E9BA2B58612800B222EF /* Fonts */ = {
			isa = PBXGroup;
			children = (
				32F9E9C32B58613D00B222EF /* Rubik-Black.ttf */,
				32F9E9BD2B58613C00B222EF /* Rubik-BlackItalic.ttf */,
				32F9E9C12B58613D00B222EF /* Rubik-Bold.ttf */,
				32F9E9BE2B58613C00B222EF /* Rubik-BoldItalic.ttf */,
				32F9E9CA2B58613D00B222EF /* Rubik-ExtraBold.ttf */,
				32F9E9BF2B58613C00B222EF /* Rubik-ExtraBoldItalic.ttf */,
				32F9E9C82B58613D00B222EF /* Rubik-Italic-VariableFont_wght.ttf */,
				32F9E9C92B58613D00B222EF /* Rubik-Italic.ttf */,
				32F9E9C22B58613D00B222EF /* Rubik-Light.ttf */,
				32F9E9BB2B58613C00B222EF /* Rubik-LightItalic.ttf */,
				32F9E9C62B58613D00B222EF /* Rubik-Medium.ttf */,
				32F9E9BC2B58613C00B222EF /* Rubik-MediumItalic.ttf */,
				32F9E9C02B58613C00B222EF /* Rubik-Regular.ttf */,
				32F9E9C52B58613D00B222EF /* Rubik-SemiBold.ttf */,
				32F9E9C42B58613D00B222EF /* Rubik-SemiBoldItalic.ttf */,
				32F9E9C72B58613D00B222EF /* Rubik-VariableFont_wght.ttf */,
			);
			path = Fonts;
			sourceTree = "<group>";
		};
		32F9E9DE2B586EB700B222EF /* Screens */ = {
			isa = PBXGroup;
			children = (
				328DBB952B57F291007B9070 /* Main.swift */,
				32FFCD942B594F82006B9A35 /* AddHabit.swift */,
				322FE84C2B5E5D4E00351352 /* HabitView.swift */,
			);
			path = Screens;
			sourceTree = "<group>";
		};
		32F9E9DF2B586EBF00B222EF /* Views */ = {
			isa = PBXGroup;
			children = (
				32F9E9B62B57FE8100B222EF /* HabitListView.swift */,
				32F9E9B82B585CF900B222EF /* ProgressRing.swift */,
				32FFCD962B5951F3006B9A35 /* MyTextField.swift */,
				32FFCD982B5954C6006B9A35 /* MyStepper.swift */,
				3283C0B02B59BA82003AF226 /* PeriodPicker.swift */,
			);
			path = Views;
			sourceTree = "<group>";
		};
		32F9E9E02B586EC500B222EF /* Extensions */ = {
			isa = PBXGroup;
			children = (
				32F9E9E12B586ECE00B222EF /* Font.swift */,
				32F9E9E42B587B0300B222EF /* Color.swift */,
			);
			path = Extensions;
			sourceTree = "<group>";
		};
		32F9E9E32B586EEB00B222EF /* Models */ = {
			isa = PBXGroup;
			children = (
				328DBB972B57F291007B9070 /* Habit.swift */,
			);
			path = Models;
			sourceTree = "<group>";
		};
/* End PBXGroup section */

/* Begin PBXNativeTarget section */
		322FE86A2B5EA4B500351352 /* WidgetExtensionExtension */ = {
			isa = PBXNativeTarget;
			buildConfigurationList = 322FE87F2B5EA4B800351352 /* Build configuration list for PBXNativeTarget "WidgetExtensionExtension" */;
			buildPhases = (
				322FE8672B5EA4B500351352 /* Sources */,
				322FE8682B5EA4B500351352 /* Frameworks */,
				322FE8692B5EA4B500351352 /* Resources */,
			);
			buildRules = (
			);
			dependencies = (
			);
			name = WidgetExtensionExtension;
			productName = WidgetExtensionExtension;
			productReference = 322FE86B2B5EA4B500351352 /* WidgetExtensionExtension.appex */;
			productType = "com.apple.product-type.app-extension";
		};
		328DBB8F2B57F291007B9070 /* Nox */ = {
			isa = PBXNativeTarget;
			buildConfigurationList = 328DBBA02B57F292007B9070 /* Build configuration list for PBXNativeTarget "Nox" */;
			buildPhases = (
				328DBB8C2B57F291007B9070 /* Sources */,
				328DBB8D2B57F291007B9070 /* Frameworks */,
				328DBB8E2B57F291007B9070 /* Resources */,
				322FE87C2B5EA4B800351352 /* Embed Foundation Extensions */,
			);
			buildRules = (
			);
			dependencies = (
				322FE87A2B5EA4B800351352 /* PBXTargetDependency */,
			);
			name = Nox;
			productName = Nox;
			productReference = 328DBB902B57F291007B9070 /* Nox.app */;
			productType = "com.apple.product-type.application";
		};
/* End PBXNativeTarget section */

/* Begin PBXProject section */
		328DBB882B57F291007B9070 /* Project object */ = {
			isa = PBXProject;
			attributes = {
				BuildIndependentTargetsInParallel = 1;
				LastSwiftUpdateCheck = 1520;
				LastUpgradeCheck = 1520;
				TargetAttributes = {
					322FE86A2B5EA4B500351352 = {
						CreatedOnToolsVersion = 15.2;
					};
					328DBB8F2B57F291007B9070 = {
						CreatedOnToolsVersion = 15.2;
					};
				};
			};
			buildConfigurationList = 328DBB8B2B57F291007B9070 /* Build configuration list for PBXProject "Nox" */;
			compatibilityVersion = "Xcode 14.0";
			developmentRegion = en;
			hasScannedForEncodings = 0;
			knownRegions = (
				en,
				Base,
			);
			mainGroup = 328DBB872B57F291007B9070;
			productRefGroup = 328DBB912B57F291007B9070 /* Products */;
			projectDirPath = "";
			projectRoot = "";
			targets = (
				328DBB8F2B57F291007B9070 /* Nox */,
				322FE86A2B5EA4B500351352 /* WidgetExtensionExtension */,
			);
		};
/* End PBXProject section */

/* Begin PBXResourcesBuildPhase section */
		322FE8692B5EA4B500351352 /* Resources */ = {
			isa = PBXResourcesBuildPhase;
			buildActionMask = 2147483647;
			files = (
				322FE8772B5EA4B800351352 /* Assets.xcassets in Resources */,
			);
			runOnlyForDeploymentPostprocessing = 0;
		};
		328DBB8E2B57F291007B9070 /* Resources */ = {
			isa = PBXResourcesBuildPhase;
			buildActionMask = 2147483647;
			files = (
				32F9E9CD2B58613D00B222EF /* Rubik-BlackItalic.ttf in Resources */,
				32F9E9D52B58613D00B222EF /* Rubik-SemiBold.ttf in Resources */,
				32F9E9D12B58613D00B222EF /* Rubik-Bold.ttf in Resources */,
				32F9E9D02B58613D00B222EF /* Rubik-Regular.ttf in Resources */,
				32F9E9D42B58613D00B222EF /* Rubik-SemiBoldItalic.ttf in Resources */,
				32F9E9D82B58613D00B222EF /* Rubik-Italic-VariableFont_wght.ttf in Resources */,
				32F9E9D32B58613D00B222EF /* Rubik-Black.ttf in Resources */,
				32F9E9CE2B58613D00B222EF /* Rubik-BoldItalic.ttf in Resources */,
				32F9E9CB2B58613D00B222EF /* Rubik-LightItalic.ttf in Resources */,
				328DBB9D2B57F292007B9070 /* Preview Assets.xcassets in Resources */,
				32F9E9DA2B58613D00B222EF /* Rubik-ExtraBold.ttf in Resources */,
				32F9E9D72B58613D00B222EF /* Rubik-VariableFont_wght.ttf in Resources */,
				328DBB9A2B57F292007B9070 /* Assets.xcassets in Resources */,
				32F9E9D22B58613D00B222EF /* Rubik-Light.ttf in Resources */,
				32F9E9CF2B58613D00B222EF /* Rubik-ExtraBoldItalic.ttf in Resources */,
				32F9E9CC2B58613D00B222EF /* Rubik-MediumItalic.ttf in Resources */,
				32F9E9D62B58613D00B222EF /* Rubik-Medium.ttf in Resources */,
				32F9E9D92B58613D00B222EF /* Rubik-Italic.ttf in Resources */,
			);
			runOnlyForDeploymentPostprocessing = 0;
		};
/* End PBXResourcesBuildPhase section */

/* Begin PBXSourcesBuildPhase section */
		322FE8672B5EA4B500351352 /* Sources */ = {
			isa = PBXSourcesBuildPhase;
			buildActionMask = 2147483647;
			files = (
				322FE8822B5EA8DA00351352 /* Habit.swift in Sources */,
				322FE8732B5EA4B500351352 /* WidgetExtensionBundle.swift in Sources */,
				322FE8752B5EA4B500351352 /* WidgetExtension.swift in Sources */,
			);
			runOnlyForDeploymentPostprocessing = 0;
		};
		328DBB8C2B57F291007B9070 /* Sources */ = {
			isa = PBXSourcesBuildPhase;
			buildActionMask = 2147483647;
			files = (
				328DBB962B57F291007B9070 /* Main.swift in Sources */,
				32F9E9B72B57FE8100B222EF /* HabitListView.swift in Sources */,
				3283C0B12B59BA82003AF226 /* PeriodPicker.swift in Sources */,
				32FFCD952B594F82006B9A35 /* AddHabit.swift in Sources */,
				32FFCD992B5954C6006B9A35 /* MyStepper.swift in Sources */,
				32F9E9E52B587B0300B222EF /* Color.swift in Sources */,
				32F9E9E22B586ECE00B222EF /* Font.swift in Sources */,
				328DBB982B57F291007B9070 /* Habit.swift in Sources */,
				32FFCD972B5951F3006B9A35 /* MyTextField.swift in Sources */,
				322FE84D2B5E5D4E00351352 /* HabitView.swift in Sources */,
				328DBB942B57F291007B9070 /* NoxApp.swift in Sources */,
				32F9E9B92B585CF900B222EF /* ProgressRing.swift in Sources */,
			);
			runOnlyForDeploymentPostprocessing = 0;
		};
/* End PBXSourcesBuildPhase section */

/* Begin PBXTargetDependency section */
		322FE87A2B5EA4B800351352 /* PBXTargetDependency */ = {
			isa = PBXTargetDependency;
			target = 322FE86A2B5EA4B500351352 /* WidgetExtensionExtension */;
			targetProxy = 322FE8792B5EA4B800351352 /* PBXContainerItemProxy */;
		};
/* End PBXTargetDependency section */

/* Begin XCBuildConfiguration section */
		322FE87D2B5EA4B800351352 /* Debug */ = {
			isa = XCBuildConfiguration;
			buildSettings = {
				ASSETCATALOG_COMPILER_GLOBAL_ACCENT_COLOR_NAME = AccentColor;
				ASSETCATALOG_COMPILER_WIDGET_BACKGROUND_COLOR_NAME = WidgetBackground;
				CODE_SIGN_ENTITLEMENTS = WidgetExtensionExtension.entitlements;
				CODE_SIGN_STYLE = Automatic;
				CURRENT_PROJECT_VERSION = 1;
				DEVELOPMENT_TEAM = S3WJ45JT93;
				GENERATE_INFOPLIST_FILE = YES;
				INFOPLIST_FILE = WidgetExtension/Info.plist;
				INFOPLIST_KEY_CFBundleDisplayName = WidgetExtension;
				INFOPLIST_KEY_NSHumanReadableCopyright = "";
				LD_RUNPATH_SEARCH_PATHS = (
					"$(inherited)",
					"@executable_path/Frameworks",
					"@executable_path/../../Frameworks",
				);
				MARKETING_VERSION = 1.0;
				PRODUCT_BUNDLE_IDENTIFIER = com.theflatladder.Nox.WidgetExtension;
				PRODUCT_NAME = "$(TARGET_NAME)";
				SKIP_INSTALL = YES;
				SWIFT_EMIT_LOC_STRINGS = YES;
				SWIFT_VERSION = 5.0;
				TARGETED_DEVICE_FAMILY = "1,2";
			};
			name = Debug;
		};
		322FE87E2B5EA4B800351352 /* Release */ = {
			isa = XCBuildConfiguration;
			buildSettings = {
				ASSETCATALOG_COMPILER_GLOBAL_ACCENT_COLOR_NAME = AccentColor;
				ASSETCATALOG_COMPILER_WIDGET_BACKGROUND_COLOR_NAME = WidgetBackground;
				CODE_SIGN_ENTITLEMENTS = WidgetExtensionExtension.entitlements;
				CODE_SIGN_STYLE = Automatic;
				CURRENT_PROJECT_VERSION = 1;
				DEVELOPMENT_TEAM = S3WJ45JT93;
				GENERATE_INFOPLIST_FILE = YES;
				INFOPLIST_FILE = WidgetExtension/Info.plist;
				INFOPLIST_KEY_CFBundleDisplayName = WidgetExtension;
				INFOPLIST_KEY_NSHumanReadableCopyright = "";
				LD_RUNPATH_SEARCH_PATHS = (
					"$(inherited)",
					"@executable_path/Frameworks",
					"@executable_path/../../Frameworks",
				);
				MARKETING_VERSION = 1.0;
				PRODUCT_BUNDLE_IDENTIFIER = com.theflatladder.Nox.WidgetExtension;
				PRODUCT_NAME = "$(TARGET_NAME)";
				SKIP_INSTALL = YES;
				SWIFT_EMIT_LOC_STRINGS = YES;
				SWIFT_VERSION = 5.0;
				TARGETED_DEVICE_FAMILY = "1,2";
			};
			name = Release;
		};
		328DBB9E2B57F292007B9070 /* Debug */ = {
			isa = XCBuildConfiguration;
			buildSettings = {
				ALWAYS_SEARCH_USER_PATHS = NO;
				ASSETCATALOG_COMPILER_GENERATE_SWIFT_ASSET_SYMBOL_EXTENSIONS = YES;
				CLANG_ANALYZER_NONNULL = YES;
				CLANG_ANALYZER_NUMBER_OBJECT_CONVERSION = YES_AGGRESSIVE;
				CLANG_CXX_LANGUAGE_STANDARD = "gnu++20";
				CLANG_ENABLE_MODULES = YES;
				CLANG_ENABLE_OBJC_ARC = YES;
				CLANG_ENABLE_OBJC_WEAK = YES;
				CLANG_WARN_BLOCK_CAPTURE_AUTORELEASING = YES;
				CLANG_WARN_BOOL_CONVERSION = YES;
				CLANG_WARN_COMMA = YES;
				CLANG_WARN_CONSTANT_CONVERSION = YES;
				CLANG_WARN_DEPRECATED_OBJC_IMPLEMENTATIONS = YES;
				CLANG_WARN_DIRECT_OBJC_ISA_USAGE = YES_ERROR;
				CLANG_WARN_DOCUMENTATION_COMMENTS = YES;
				CLANG_WARN_EMPTY_BODY = YES;
				CLANG_WARN_ENUM_CONVERSION = YES;
				CLANG_WARN_INFINITE_RECURSION = YES;
				CLANG_WARN_INT_CONVERSION = YES;
				CLANG_WARN_NON_LITERAL_NULL_CONVERSION = YES;
				CLANG_WARN_OBJC_IMPLICIT_RETAIN_SELF = YES;
				CLANG_WARN_OBJC_LITERAL_CONVERSION = YES;
				CLANG_WARN_OBJC_ROOT_CLASS = YES_ERROR;
				CLANG_WARN_QUOTED_INCLUDE_IN_FRAMEWORK_HEADER = YES;
				CLANG_WARN_RANGE_LOOP_ANALYSIS = YES;
				CLANG_WARN_STRICT_PROTOTYPES = YES;
				CLANG_WARN_SUSPICIOUS_MOVE = YES;
				CLANG_WARN_UNGUARDED_AVAILABILITY = YES_AGGRESSIVE;
				CLANG_WARN_UNREACHABLE_CODE = YES;
				CLANG_WARN__DUPLICATE_METHOD_MATCH = YES;
				COPY_PHASE_STRIP = NO;
				DEBUG_INFORMATION_FORMAT = dwarf;
				ENABLE_STRICT_OBJC_MSGSEND = YES;
				ENABLE_TESTABILITY = YES;
				ENABLE_USER_SCRIPT_SANDBOXING = YES;
				GCC_C_LANGUAGE_STANDARD = gnu17;
				GCC_DYNAMIC_NO_PIC = NO;
				GCC_NO_COMMON_BLOCKS = YES;
				GCC_OPTIMIZATION_LEVEL = 0;
				GCC_PREPROCESSOR_DEFINITIONS = (
					"DEBUG=1",
					"$(inherited)",
				);
				GCC_WARN_64_TO_32_BIT_CONVERSION = YES;
				GCC_WARN_ABOUT_RETURN_TYPE = YES_ERROR;
				GCC_WARN_UNDECLARED_SELECTOR = YES;
				GCC_WARN_UNINITIALIZED_AUTOS = YES_AGGRESSIVE;
				GCC_WARN_UNUSED_FUNCTION = YES;
				GCC_WARN_UNUSED_VARIABLE = YES;
				IPHONEOS_DEPLOYMENT_TARGET = 17.2;
				LOCALIZATION_PREFERS_STRING_CATALOGS = YES;
				MTL_ENABLE_DEBUG_INFO = INCLUDE_SOURCE;
				MTL_FAST_MATH = YES;
				ONLY_ACTIVE_ARCH = YES;
				SDKROOT = iphoneos;
				SWIFT_ACTIVE_COMPILATION_CONDITIONS = "DEBUG $(inherited)";
				SWIFT_OPTIMIZATION_LEVEL = "-Onone";
			};
			name = Debug;
		};
		328DBB9F2B57F292007B9070 /* Release */ = {
			isa = XCBuildConfiguration;
			buildSettings = {
				ALWAYS_SEARCH_USER_PATHS = NO;
				ASSETCATALOG_COMPILER_GENERATE_SWIFT_ASSET_SYMBOL_EXTENSIONS = YES;
				CLANG_ANALYZER_NONNULL = YES;
				CLANG_ANALYZER_NUMBER_OBJECT_CONVERSION = YES_AGGRESSIVE;
				CLANG_CXX_LANGUAGE_STANDARD = "gnu++20";
				CLANG_ENABLE_MODULES = YES;
				CLANG_ENABLE_OBJC_ARC = YES;
				CLANG_ENABLE_OBJC_WEAK = YES;
				CLANG_WARN_BLOCK_CAPTURE_AUTORELEASING = YES;
				CLANG_WARN_BOOL_CONVERSION = YES;
				CLANG_WARN_COMMA = YES;
				CLANG_WARN_CONSTANT_CONVERSION = YES;
				CLANG_WARN_DEPRECATED_OBJC_IMPLEMENTATIONS = YES;
				CLANG_WARN_DIRECT_OBJC_ISA_USAGE = YES_ERROR;
				CLANG_WARN_DOCUMENTATION_COMMENTS = YES;
				CLANG_WARN_EMPTY_BODY = YES;
				CLANG_WARN_ENUM_CONVERSION = YES;
				CLANG_WARN_INFINITE_RECURSION = YES;
				CLANG_WARN_INT_CONVERSION = YES;
				CLANG_WARN_NON_LITERAL_NULL_CONVERSION = YES;
				CLANG_WARN_OBJC_IMPLICIT_RETAIN_SELF = YES;
				CLANG_WARN_OBJC_LITERAL_CONVERSION = YES;
				CLANG_WARN_OBJC_ROOT_CLASS = YES_ERROR;
				CLANG_WARN_QUOTED_INCLUDE_IN_FRAMEWORK_HEADER = YES;
				CLANG_WARN_RANGE_LOOP_ANALYSIS = YES;
				CLANG_WARN_STRICT_PROTOTYPES = YES;
				CLANG_WARN_SUSPICIOUS_MOVE = YES;
				CLANG_WARN_UNGUARDED_AVAILABILITY = YES_AGGRESSIVE;
				CLANG_WARN_UNREACHABLE_CODE = YES;
				CLANG_WARN__DUPLICATE_METHOD_MATCH = YES;
				COPY_PHASE_STRIP = NO;
				DEBUG_INFORMATION_FORMAT = "dwarf-with-dsym";
				ENABLE_NS_ASSERTIONS = NO;
				ENABLE_STRICT_OBJC_MSGSEND = YES;
				ENABLE_USER_SCRIPT_SANDBOXING = YES;
				GCC_C_LANGUAGE_STANDARD = gnu17;
				GCC_NO_COMMON_BLOCKS = YES;
				GCC_WARN_64_TO_32_BIT_CONVERSION = YES;
				GCC_WARN_ABOUT_RETURN_TYPE = YES_ERROR;
				GCC_WARN_UNDECLARED_SELECTOR = YES;
				GCC_WARN_UNINITIALIZED_AUTOS = YES_AGGRESSIVE;
				GCC_WARN_UNUSED_FUNCTION = YES;
				GCC_WARN_UNUSED_VARIABLE = YES;
				IPHONEOS_DEPLOYMENT_TARGET = 17.2;
				LOCALIZATION_PREFERS_STRING_CATALOGS = YES;
				MTL_ENABLE_DEBUG_INFO = NO;
				MTL_FAST_MATH = YES;
				SDKROOT = iphoneos;
				SWIFT_COMPILATION_MODE = wholemodule;
				VALIDATE_PRODUCT = YES;
			};
			name = Release;
		};
		328DBBA12B57F292007B9070 /* Debug */ = {
			isa = XCBuildConfiguration;
			buildSettings = {
				ALWAYS_EMBED_SWIFT_STANDARD_LIBRARIES = YES;
				ASSETCATALOG_COMPILER_APPICON_NAME = AppIcon;
				ASSETCATALOG_COMPILER_GLOBAL_ACCENT_COLOR_NAME = AccentColor;
				CODE_SIGN_ENTITLEMENTS = Nox/Nox.entitlements;
				CODE_SIGN_STYLE = Automatic;
				CURRENT_PROJECT_VERSION = 1;
				DEVELOPMENT_ASSET_PATHS = "\"Nox/Preview Content\"";
				DEVELOPMENT_TEAM = S3WJ45JT93;
				ENABLE_PREVIEWS = YES;
				GENERATE_INFOPLIST_FILE = YES;
				INFOPLIST_FILE = Nox/Info.plist;
				INFOPLIST_KEY_UIApplicationSceneManifest_Generation = YES;
				INFOPLIST_KEY_UIApplicationSupportsIndirectInputEvents = YES;
				INFOPLIST_KEY_UILaunchScreen_Generation = YES;
				INFOPLIST_KEY_UISupportedInterfaceOrientations_iPad = "UIInterfaceOrientationPortrait UIInterfaceOrientationPortraitUpsideDown UIInterfaceOrientationLandscapeLeft UIInterfaceOrientationLandscapeRight";
				INFOPLIST_KEY_UISupportedInterfaceOrientations_iPhone = "UIInterfaceOrientationPortrait UIInterfaceOrientationLandscapeLeft UIInterfaceOrientationLandscapeRight";
				LD_RUNPATH_SEARCH_PATHS = (
					"$(inherited)",
					"@executable_path/Frameworks",
				);
				MARKETING_VERSION = 1.0;
				PRODUCT_BUNDLE_IDENTIFIER = com.theflatladder.Nox;
				PRODUCT_NAME = "$(TARGET_NAME)";
				SWIFT_EMIT_LOC_STRINGS = YES;
				SWIFT_VERSION = 5.0;
				TARGETED_DEVICE_FAMILY = "1,2";
			};
			name = Debug;
		};
		328DBBA22B57F292007B9070 /* Release */ = {
			isa = XCBuildConfiguration;
			buildSettings = {
				ALWAYS_EMBED_SWIFT_STANDARD_LIBRARIES = YES;
				ASSETCATALOG_COMPILER_APPICON_NAME = AppIcon;
				ASSETCATALOG_COMPILER_GLOBAL_ACCENT_COLOR_NAME = AccentColor;
				CODE_SIGN_ENTITLEMENTS = Nox/Nox.entitlements;
				CODE_SIGN_STYLE = Automatic;
				CURRENT_PROJECT_VERSION = 1;
				DEVELOPMENT_ASSET_PATHS = "\"Nox/Preview Content\"";
				DEVELOPMENT_TEAM = S3WJ45JT93;
				ENABLE_PREVIEWS = YES;
				GENERATE_INFOPLIST_FILE = YES;
				INFOPLIST_FILE = Nox/Info.plist;
				INFOPLIST_KEY_UIApplicationSceneManifest_Generation = YES;
				INFOPLIST_KEY_UIApplicationSupportsIndirectInputEvents = YES;
				INFOPLIST_KEY_UILaunchScreen_Generation = YES;
				INFOPLIST_KEY_UISupportedInterfaceOrientations_iPad = "UIInterfaceOrientationPortrait UIInterfaceOrientationPortraitUpsideDown UIInterfaceOrientationLandscapeLeft UIInterfaceOrientationLandscapeRight";
				INFOPLIST_KEY_UISupportedInterfaceOrientations_iPhone = "UIInterfaceOrientationPortrait UIInterfaceOrientationLandscapeLeft UIInterfaceOrientationLandscapeRight";
				LD_RUNPATH_SEARCH_PATHS = (
					"$(inherited)",
					"@executable_path/Frameworks",
				);
				MARKETING_VERSION = 1.0;
				PRODUCT_BUNDLE_IDENTIFIER = com.theflatladder.Nox;
				PRODUCT_NAME = "$(TARGET_NAME)";
				SWIFT_EMIT_LOC_STRINGS = YES;
				SWIFT_VERSION = 5.0;
				TARGETED_DEVICE_FAMILY = "1,2";
			};
			name = Release;
		};
/* End XCBuildConfiguration section */

/* Begin XCConfigurationList section */
		322FE87F2B5EA4B800351352 /* Build configuration list for PBXNativeTarget "WidgetExtensionExtension" */ = {
			isa = XCConfigurationList;
			buildConfigurations = (
				322FE87D2B5EA4B800351352 /* Debug */,
				322FE87E2B5EA4B800351352 /* Release */,
			);
			defaultConfigurationIsVisible = 0;
			defaultConfigurationName = Release;
		};
		328DBB8B2B57F291007B9070 /* Build configuration list for PBXProject "Nox" */ = {
			isa = XCConfigurationList;
			buildConfigurations = (
				328DBB9E2B57F292007B9070 /* Debug */,
				328DBB9F2B57F292007B9070 /* Release */,
			);
			defaultConfigurationIsVisible = 0;
			defaultConfigurationName = Release;
		};
		328DBBA02B57F292007B9070 /* Build configuration list for PBXNativeTarget "Nox" */ = {
			isa = XCConfigurationList;
			buildConfigurations = (
				328DBBA12B57F292007B9070 /* Debug */,
				328DBBA22B57F292007B9070 /* Release */,
			);
			defaultConfigurationIsVisible = 0;
			defaultConfigurationName = Release;
		};
/* End XCConfigurationList section */
	};
	rootObject = 328DBB882B57F291007B9070 /* Project object */;
}
